# This file is automatically @generated by Cargo.
# It is not intended for manual editing.
version = 3

[[package]]
name = "bitflags"
version = "2.0.1"
source = "registry+https://github.com/rust-lang/crates.io-index"
checksum = "d5dd14596c0e5b954530d0e6f1fd99b89c03e313aa2086e8da4303701a09e1cf"

[[package]]
name = "emupc-rs"
version = "0.1.0"
dependencies = [
 "bitflags",
]
