# This file is automatically @generated by Cargo.
# It is not intended for manual editing.
version = 3

[[package]]
name = "bitflags"
version = "2.0.0"
source = "registry+https://github.com/rust-lang/crates.io-index"
checksum = "f4f6e5df9abedba5099a01a6567c6086a6fbcff57af07c360d356737f9e0c644"

[[package]]
name = "emupc-rs"
version = "0.1.0"
dependencies = [
 "bitflags",
]
